// !$*UTF8*$!
{
	archiveVersion = 1;
	classes = {
	};
	objectVersion = 55;
	objects = {

/* Begin PBXBuildFile section */
		B902103F28DA2E8700BB60C5 /* AppDelegate.swift in Sources */ = {isa = PBXBuildFile; fileRef = B9020FFC28DA2D8300BB60C5 /* AppDelegate.swift */; };
		B902104228DA2E9600BB60C5 /* SceneDelegate.swift in Sources */ = {isa = PBXBuildFile; fileRef = B9020FFD28DA2D8300BB60C5 /* SceneDelegate.swift */; };
		B902104328DA2E9600BB60C5 /* AppAppearance.swift in Sources */ = {isa = PBXBuildFile; fileRef = B9020FFB28DA2D8300BB60C5 /* AppAppearance.swift */; };
		B902104428DA2E9D00BB60C5 /* Assets.xcassets in Resources */ = {isa = PBXBuildFile; fileRef = B9020FF928DA2D8300BB60C5 /* Assets.xcassets */; };
		B902104528DA2EA600BB60C5 /* LaunchScreen.storyboard in Resources */ = {isa = PBXBuildFile; fileRef = B9020FF728DA2D8300BB60C5 /* LaunchScreen.storyboard */; };
		B902104628DA2EAF00BB60C5 /* FooterCollectionViewCell.swift in Sources */ = {isa = PBXBuildFile; fileRef = B902100128DA2D8300BB60C5 /* FooterCollectionViewCell.swift */; };
		B902104728DA2EAF00BB60C5 /* FooterCollectionViewCell.xib in Resources */ = {isa = PBXBuildFile; fileRef = B902100028DA2D8300BB60C5 /* FooterCollectionViewCell.xib */; };
		B902104828DA2EB400BB60C5 /* FlickrImageCollectionViewCell.xib in Resources */ = {isa = PBXBuildFile; fileRef = B902100328DA2D8300BB60C5 /* FlickrImageCollectionViewCell.xib */; };
		B902104928DA2EB400BB60C5 /* FlickrImageCollectionViewCell.swift in Sources */ = {isa = PBXBuildFile; fileRef = B902100428DA2D8300BB60C5 /* FlickrImageCollectionViewCell.swift */; };
		B902104B28DA2EE400BB60C5 /* UICollectionView+Extension.swift in Sources */ = {isa = PBXBuildFile; fileRef = B9020FF228DA2D8300BB60C5 /* UICollectionView+Extension.swift */; };
		B902104C28DA2EE400BB60C5 /* APIFlickrService.swift in Sources */ = {isa = PBXBuildFile; fileRef = B9020FEA28DA2D8300BB60C5 /* APIFlickrService.swift */; };
		B902104D28DA2EE400BB60C5 /* AlertPresenter.swift in Sources */ = {isa = PBXBuildFile; fileRef = B9020FE228DA2D8300BB60C5 /* AlertPresenter.swift */; };
		B902104E28DA2EE400BB60C5 /* APIService+URL.swift in Sources */ = {isa = PBXBuildFile; fileRef = B9020FE428DA2D8300BB60C5 /* APIService+URL.swift */; };
		B902104F28DA2EE400BB60C5 /* BaseModel.swift in Sources */ = {isa = PBXBuildFile; fileRef = B9020FE828DA2D8300BB60C5 /* BaseModel.swift */; };
		B902105028DA2EE400BB60C5 /* APIService+Helper.swift in Sources */ = {isa = PBXBuildFile; fileRef = B9020FEB28DA2D8300BB60C5 /* APIService+Helper.swift */; };
		B902105128DA2EE400BB60C5 /* AppConstant.swift in Sources */ = {isa = PBXBuildFile; fileRef = B9020FED28DA2D8300BB60C5 /* AppConstant.swift */; };
		B902105228DA2EE400BB60C5 /* UIView+Extention.swift in Sources */ = {isa = PBXBuildFile; fileRef = B9020FF028DA2D8300BB60C5 /* UIView+Extention.swift */; };
		B902105328DA2EE400BB60C5 /* FlickrServiceUtil.swift in Sources */ = {isa = PBXBuildFile; fileRef = B9020FE528DA2D8300BB60C5 /* FlickrServiceUtil.swift */; };
		B902105428DA2EE400BB60C5 /* UIColor+Extensions.swift in Sources */ = {isa = PBXBuildFile; fileRef = B9020FF128DA2D8300BB60C5 /* UIColor+Extensions.swift */; };
		B902105528DA2EE400BB60C5 /* BaseModel+Helper.swift in Sources */ = {isa = PBXBuildFile; fileRef = B9020FE728DA2D8300BB60C5 /* BaseModel+Helper.swift */; };
		B902105628DA2EE400BB60C5 /* DatabaseManager.swift in Sources */ = {isa = PBXBuildFile; fileRef = B9020FF428DA2D8300BB60C5 /* DatabaseManager.swift */; };
		B902105728DA2EE400BB60C5 /* UIImageView+ImageLoader.swift in Sources */ = {isa = PBXBuildFile; fileRef = B9020FEF28DA2D8300BB60C5 /* UIImageView+ImageLoader.swift */; };
		B902105828DA2EF000BB60C5 /* FlickrSearchViewController.swift in Sources */ = {isa = PBXBuildFile; fileRef = B902100E28DA2D8300BB60C5 /* FlickrSearchViewController.swift */; };
		B902105928DA2EF000BB60C5 /* FlickrPhotosModel.swift in Sources */ = {isa = PBXBuildFile; fileRef = B902100928DA2D8300BB60C5 /* FlickrPhotosModel.swift */; };
		B902105A28DA2EF000BB60C5 /* SearchViewController.swift in Sources */ = {isa = PBXBuildFile; fileRef = B902101128DA2D8300BB60C5 /* SearchViewController.swift */; };
		B902105B28DA2EF000BB60C5 /* SearchKeyword.swift in Sources */ = {isa = PBXBuildFile; fileRef = B902100828DA2D8300BB60C5 /* SearchKeyword.swift */; };
		B902105C28DA2EF000BB60C5 /* FlickrSearchProtocols.swift in Sources */ = {isa = PBXBuildFile; fileRef = B902101628DA2D8300BB60C5 /* FlickrSearchProtocols.swift */; };
		B902105D28DA2EF000BB60C5 /* FlickrSearchPresenter.swift in Sources */ = {isa = PBXBuildFile; fileRef = B902100B28DA2D8300BB60C5 /* FlickrSearchPresenter.swift */; };
		B902105E28DA2EF000BB60C5 /* FlickrSearchModuleBuilder.swift in Sources */ = {isa = PBXBuildFile; fileRef = B902101428DA2D8300BB60C5 /* FlickrSearchModuleBuilder.swift */; };
		B902105F28DA2EF000BB60C5 /* FlickrSearchRouter.swift in Sources */ = {isa = PBXBuildFile; fileRef = B902101A28DA2D8300BB60C5 /* FlickrSearchRouter.swift */; };
		B902106028DA2EF000BB60C5 /* FlickrSearchIneractor.swift in Sources */ = {isa = PBXBuildFile; fileRef = B902101828DA2D8300BB60C5 /* FlickrSearchIneractor.swift */; };
		B902106A28DA308200BB60C5 /* FlickrSearchViewController.xib in Resources */ = {isa = PBXBuildFile; fileRef = B902100F28DA2D8300BB60C5 /* FlickrSearchViewController.xib */; };
		B902106B28DA308900BB60C5 /* SearchViewController.xib in Resources */ = {isa = PBXBuildFile; fileRef = B902101228DA2D8300BB60C5 /* SearchViewController.xib */; };
		B902106E28DA31E400BB60C5 /* FlickrPlist.plist in Resources */ = {isa = PBXBuildFile; fileRef = B9020FE928DA2D8300BB60C5 /* FlickrPlist.plist */; };
		B902107128DA339D00BB60C5 /* Alamofire in Frameworks */ = {isa = PBXBuildFile; productRef = B902107028DA339D00BB60C5 /* Alamofire */; };
		B902107428DA33AF00BB60C5 /* SDWebImage in Frameworks */ = {isa = PBXBuildFile; productRef = B902107328DA33AF00BB60C5 /* SDWebImage */; };
		B902107728DA33BA00BB60C5 /* RealmSwift in Frameworks */ = {isa = PBXBuildFile; productRef = B902107628DA33BA00BB60C5 /* RealmSwift */; };
		B902107928DA3F1900BB60C5 /* Info.plist in Resources */ = {isa = PBXBuildFile; fileRef = B902107828DA3F1900BB60C5 /* Info.plist */; };
		B955893F28D8AF2B006E4EB0 /* TestUtil.swift in Sources */ = {isa = PBXBuildFile; fileRef = B955893E28D8AF2B006E4EB0 /* TestUtil.swift */; };
		B955894328D8B0E4006E4EB0 /* TestData.json in Resources */ = {isa = PBXBuildFile; fileRef = B955894228D8B0E4006E4EB0 /* TestData.json */; };
		B955894628D8B111006E4EB0 /* FlickrPhotosTests.swift in Sources */ = {isa = PBXBuildFile; fileRef = B955894528D8B111006E4EB0 /* FlickrPhotosTests.swift */; };
		B955894828D8BFE7006E4EB0 /* FlickrSearchInteractorTests.swift in Sources */ = {isa = PBXBuildFile; fileRef = B955894728D8BFE7006E4EB0 /* FlickrSearchInteractorTests.swift */; };
		B955894A28D8C00B006E4EB0 /* FlickrSearchPresenterTests.swift in Sources */ = {isa = PBXBuildFile; fileRef = B955894928D8C00B006E4EB0 /* FlickrSearchPresenterTests.swift */; };
		B955894E28D8C051006E4EB0 /* FlickrSearchBuilderTests.swift in Sources */ = {isa = PBXBuildFile; fileRef = B955894D28D8C051006E4EB0 /* FlickrSearchBuilderTests.swift */; };
		B955895128D8C0B5006E4EB0 /* NetworkingTests.swift in Sources */ = {isa = PBXBuildFile; fileRef = B955895028D8C0B5006E4EB0 /* NetworkingTests.swift */; };
		B955895328D8C0CC006E4EB0 /* NetworkClientMock.swift in Sources */ = {isa = PBXBuildFile; fileRef = B955895228D8C0CC006E4EB0 /* NetworkClientMock.swift */; };
		B955895528D97D4D006E4EB0 /* FlickrSearchViewControllerTests.swift in Sources */ = {isa = PBXBuildFile; fileRef = B955895428D97D4D006E4EB0 /* FlickrSearchViewControllerTests.swift */; };
		B95789D228D6CB4E00B558F8 /* FlickrSearchUITests.swift in Sources */ = {isa = PBXBuildFile; fileRef = B95789D128D6CB4E00B558F8 /* FlickrSearchUITests.swift */; };
		B95789D428D6CB4E00B558F8 /* FlickrSearchUITestsLaunchTests.swift in Sources */ = {isa = PBXBuildFile; fileRef = B95789D328D6CB4E00B558F8 /* FlickrSearchUITestsLaunchTests.swift */; };
/* End PBXBuildFile section */

/* Begin PBXContainerItemProxy section */
		B95789C428D6CB4E00B558F8 /* PBXContainerItemProxy */ = {
			isa = PBXContainerItemProxy;
			containerPortal = B95789A528D6CB4C00B558F8 /* Project object */;
			proxyType = 1;
			remoteGlobalIDString = B95789AC28D6CB4C00B558F8;
			remoteInfo = FlickrSearch;
		};
		B95789CE28D6CB4E00B558F8 /* PBXContainerItemProxy */ = {
			isa = PBXContainerItemProxy;
			containerPortal = B95789A528D6CB4C00B558F8 /* Project object */;
			proxyType = 1;
			remoteGlobalIDString = B95789AC28D6CB4C00B558F8;
			remoteInfo = FlickrSearch;
		};
/* End PBXContainerItemProxy section */

/* Begin PBXFileReference section */
		B9020FE228DA2D8300BB60C5 /* AlertPresenter.swift */ = {isa = PBXFileReference; fileEncoding = 4; lastKnownFileType = sourcecode.swift; path = AlertPresenter.swift; sourceTree = "<group>"; };
		B9020FE428DA2D8300BB60C5 /* APIService+URL.swift */ = {isa = PBXFileReference; fileEncoding = 4; lastKnownFileType = sourcecode.swift; path = "APIService+URL.swift"; sourceTree = "<group>"; };
		B9020FE528DA2D8300BB60C5 /* FlickrServiceUtil.swift */ = {isa = PBXFileReference; fileEncoding = 4; lastKnownFileType = sourcecode.swift; path = FlickrServiceUtil.swift; sourceTree = "<group>"; };
		B9020FE728DA2D8300BB60C5 /* BaseModel+Helper.swift */ = {isa = PBXFileReference; fileEncoding = 4; lastKnownFileType = sourcecode.swift; path = "BaseModel+Helper.swift"; sourceTree = "<group>"; };
		B9020FE828DA2D8300BB60C5 /* BaseModel.swift */ = {isa = PBXFileReference; fileEncoding = 4; lastKnownFileType = sourcecode.swift; path = BaseModel.swift; sourceTree = "<group>"; };
		B9020FE928DA2D8300BB60C5 /* FlickrPlist.plist */ = {isa = PBXFileReference; fileEncoding = 4; lastKnownFileType = text.plist.xml; path = FlickrPlist.plist; sourceTree = "<group>"; };
		B9020FEA28DA2D8300BB60C5 /* APIFlickrService.swift */ = {isa = PBXFileReference; fileEncoding = 4; lastKnownFileType = sourcecode.swift; path = APIFlickrService.swift; sourceTree = "<group>"; };
		B9020FEB28DA2D8300BB60C5 /* APIService+Helper.swift */ = {isa = PBXFileReference; fileEncoding = 4; lastKnownFileType = sourcecode.swift; path = "APIService+Helper.swift"; sourceTree = "<group>"; };
		B9020FED28DA2D8300BB60C5 /* AppConstant.swift */ = {isa = PBXFileReference; fileEncoding = 4; lastKnownFileType = sourcecode.swift; path = AppConstant.swift; sourceTree = "<group>"; };
		B9020FEF28DA2D8300BB60C5 /* UIImageView+ImageLoader.swift */ = {isa = PBXFileReference; fileEncoding = 4; lastKnownFileType = sourcecode.swift; path = "UIImageView+ImageLoader.swift"; sourceTree = "<group>"; };
		B9020FF028DA2D8300BB60C5 /* UIView+Extention.swift */ = {isa = PBXFileReference; fileEncoding = 4; lastKnownFileType = sourcecode.swift; path = "UIView+Extention.swift"; sourceTree = "<group>"; };
		B9020FF128DA2D8300BB60C5 /* UIColor+Extensions.swift */ = {isa = PBXFileReference; fileEncoding = 4; lastKnownFileType = sourcecode.swift; path = "UIColor+Extensions.swift"; sourceTree = "<group>"; };
		B9020FF228DA2D8300BB60C5 /* UICollectionView+Extension.swift */ = {isa = PBXFileReference; fileEncoding = 4; lastKnownFileType = sourcecode.swift; path = "UICollectionView+Extension.swift"; sourceTree = "<group>"; };
		B9020FF428DA2D8300BB60C5 /* DatabaseManager.swift */ = {isa = PBXFileReference; fileEncoding = 4; lastKnownFileType = sourcecode.swift; path = DatabaseManager.swift; sourceTree = "<group>"; };
		B9020FF828DA2D8300BB60C5 /* Base */ = {isa = PBXFileReference; lastKnownFileType = file.storyboard; name = Base; path = LaunchScreen.storyboard; sourceTree = "<group>"; };
		B9020FF928DA2D8300BB60C5 /* Assets.xcassets */ = {isa = PBXFileReference; lastKnownFileType = folder.assetcatalog; name = Assets.xcassets; path = FlickrSearch/Assets.xcassets; sourceTree = SOURCE_ROOT; };
		B9020FFB28DA2D8300BB60C5 /* AppAppearance.swift */ = {isa = PBXFileReference; fileEncoding = 4; lastKnownFileType = sourcecode.swift; path = AppAppearance.swift; sourceTree = "<group>"; };
		B9020FFC28DA2D8300BB60C5 /* AppDelegate.swift */ = {isa = PBXFileReference; fileEncoding = 4; lastKnownFileType = sourcecode.swift; path = AppDelegate.swift; sourceTree = "<group>"; };
		B9020FFD28DA2D8300BB60C5 /* SceneDelegate.swift */ = {isa = PBXFileReference; fileEncoding = 4; lastKnownFileType = sourcecode.swift; path = SceneDelegate.swift; sourceTree = "<group>"; };
		B902100028DA2D8300BB60C5 /* FooterCollectionViewCell.xib */ = {isa = PBXFileReference; fileEncoding = 4; lastKnownFileType = file.xib; path = FooterCollectionViewCell.xib; sourceTree = "<group>"; };
		B902100128DA2D8300BB60C5 /* FooterCollectionViewCell.swift */ = {isa = PBXFileReference; fileEncoding = 4; lastKnownFileType = sourcecode.swift; path = FooterCollectionViewCell.swift; sourceTree = "<group>"; };
		B902100328DA2D8300BB60C5 /* FlickrImageCollectionViewCell.xib */ = {isa = PBXFileReference; fileEncoding = 4; lastKnownFileType = file.xib; path = FlickrImageCollectionViewCell.xib; sourceTree = "<group>"; };
		B902100428DA2D8300BB60C5 /* FlickrImageCollectionViewCell.swift */ = {isa = PBXFileReference; fileEncoding = 4; lastKnownFileType = sourcecode.swift; path = FlickrImageCollectionViewCell.swift; sourceTree = "<group>"; };
		B902100828DA2D8300BB60C5 /* SearchKeyword.swift */ = {isa = PBXFileReference; fileEncoding = 4; lastKnownFileType = sourcecode.swift; path = SearchKeyword.swift; sourceTree = "<group>"; };
		B902100928DA2D8300BB60C5 /* FlickrPhotosModel.swift */ = {isa = PBXFileReference; fileEncoding = 4; lastKnownFileType = sourcecode.swift; path = FlickrPhotosModel.swift; sourceTree = "<group>"; };
		B902100B28DA2D8300BB60C5 /* FlickrSearchPresenter.swift */ = {isa = PBXFileReference; fileEncoding = 4; lastKnownFileType = sourcecode.swift; path = FlickrSearchPresenter.swift; sourceTree = "<group>"; };
		B902100E28DA2D8300BB60C5 /* FlickrSearchViewController.swift */ = {isa = PBXFileReference; fileEncoding = 4; lastKnownFileType = sourcecode.swift; path = FlickrSearchViewController.swift; sourceTree = "<group>"; };
		B902100F28DA2D8300BB60C5 /* FlickrSearchViewController.xib */ = {isa = PBXFileReference; fileEncoding = 4; lastKnownFileType = file.xib; path = FlickrSearchViewController.xib; sourceTree = "<group>"; };
		B902101128DA2D8300BB60C5 /* SearchViewController.swift */ = {isa = PBXFileReference; fileEncoding = 4; lastKnownFileType = sourcecode.swift; path = SearchViewController.swift; sourceTree = "<group>"; };
		B902101228DA2D8300BB60C5 /* SearchViewController.xib */ = {isa = PBXFileReference; fileEncoding = 4; lastKnownFileType = file.xib; path = SearchViewController.xib; sourceTree = "<group>"; };
		B902101428DA2D8300BB60C5 /* FlickrSearchModuleBuilder.swift */ = {isa = PBXFileReference; fileEncoding = 4; lastKnownFileType = sourcecode.swift; path = FlickrSearchModuleBuilder.swift; sourceTree = "<group>"; };
		B902101628DA2D8300BB60C5 /* FlickrSearchProtocols.swift */ = {isa = PBXFileReference; fileEncoding = 4; lastKnownFileType = sourcecode.swift; path = FlickrSearchProtocols.swift; sourceTree = "<group>"; };
		B902101828DA2D8300BB60C5 /* FlickrSearchIneractor.swift */ = {isa = PBXFileReference; fileEncoding = 4; lastKnownFileType = sourcecode.swift; path = FlickrSearchIneractor.swift; sourceTree = "<group>"; };
		B902101A28DA2D8300BB60C5 /* FlickrSearchRouter.swift */ = {isa = PBXFileReference; fileEncoding = 4; lastKnownFileType = sourcecode.swift; path = FlickrSearchRouter.swift; sourceTree = "<group>"; };
		B902107828DA3F1900BB60C5 /* Info.plist */ = {isa = PBXFileReference; fileEncoding = 4; lastKnownFileType = text.plist.xml; path = Info.plist; sourceTree = "<group>"; };
		B955893E28D8AF2B006E4EB0 /* TestUtil.swift */ = {isa = PBXFileReference; lastKnownFileType = sourcecode.swift; path = TestUtil.swift; sourceTree = "<group>"; };
		B955894228D8B0E4006E4EB0 /* TestData.json */ = {isa = PBXFileReference; fileEncoding = 4; lastKnownFileType = text.json; path = TestData.json; sourceTree = "<group>"; };
		B955894528D8B111006E4EB0 /* FlickrPhotosTests.swift */ = {isa = PBXFileReference; lastKnownFileType = sourcecode.swift; path = FlickrPhotosTests.swift; sourceTree = "<group>"; };
		B955894728D8BFE7006E4EB0 /* FlickrSearchInteractorTests.swift */ = {isa = PBXFileReference; lastKnownFileType = sourcecode.swift; path = FlickrSearchInteractorTests.swift; sourceTree = "<group>"; };
		B955894928D8C00B006E4EB0 /* FlickrSearchPresenterTests.swift */ = {isa = PBXFileReference; lastKnownFileType = sourcecode.swift; path = FlickrSearchPresenterTests.swift; sourceTree = "<group>"; };
		B955894D28D8C051006E4EB0 /* FlickrSearchBuilderTests.swift */ = {isa = PBXFileReference; lastKnownFileType = sourcecode.swift; path = FlickrSearchBuilderTests.swift; sourceTree = "<group>"; };
		B955895028D8C0B5006E4EB0 /* NetworkingTests.swift */ = {isa = PBXFileReference; lastKnownFileType = sourcecode.swift; path = NetworkingTests.swift; sourceTree = "<group>"; };
		B955895228D8C0CC006E4EB0 /* NetworkClientMock.swift */ = {isa = PBXFileReference; lastKnownFileType = sourcecode.swift; path = NetworkClientMock.swift; sourceTree = "<group>"; };
		B955895428D97D4D006E4EB0 /* FlickrSearchViewControllerTests.swift */ = {isa = PBXFileReference; lastKnownFileType = sourcecode.swift; path = FlickrSearchViewControllerTests.swift; sourceTree = "<group>"; };
		B95789AD28D6CB4C00B558F8 /* FlickrSearch.app */ = {isa = PBXFileReference; explicitFileType = wrapper.application; includeInIndex = 0; path = FlickrSearch.app; sourceTree = BUILT_PRODUCTS_DIR; };
		B95789C328D6CB4E00B558F8 /* FlickrSearchTests.xctest */ = {isa = PBXFileReference; explicitFileType = wrapper.cfbundle; includeInIndex = 0; path = FlickrSearchTests.xctest; sourceTree = BUILT_PRODUCTS_DIR; };
		B95789CD28D6CB4E00B558F8 /* FlickrSearchUITests.xctest */ = {isa = PBXFileReference; explicitFileType = wrapper.cfbundle; includeInIndex = 0; path = FlickrSearchUITests.xctest; sourceTree = BUILT_PRODUCTS_DIR; };
		B95789D128D6CB4E00B558F8 /* FlickrSearchUITests.swift */ = {isa = PBXFileReference; lastKnownFileType = sourcecode.swift; path = FlickrSearchUITests.swift; sourceTree = "<group>"; };
		B95789D328D6CB4E00B558F8 /* FlickrSearchUITestsLaunchTests.swift */ = {isa = PBXFileReference; lastKnownFileType = sourcecode.swift; path = FlickrSearchUITestsLaunchTests.swift; sourceTree = "<group>"; };
/* End PBXFileReference section */

/* Begin PBXFrameworksBuildPhase section */
		B95789AA28D6CB4C00B558F8 /* Frameworks */ = {
			isa = PBXFrameworksBuildPhase;
			buildActionMask = 2147483647;
			files = (
				B902107728DA33BA00BB60C5 /* RealmSwift in Frameworks */,
				B902107428DA33AF00BB60C5 /* SDWebImage in Frameworks */,
				B902107128DA339D00BB60C5 /* Alamofire in Frameworks */,
			);
			runOnlyForDeploymentPostprocessing = 0;
		};
		B95789C028D6CB4E00B558F8 /* Frameworks */ = {
			isa = PBXFrameworksBuildPhase;
			buildActionMask = 2147483647;
			files = (
			);
			runOnlyForDeploymentPostprocessing = 0;
		};
		B95789CA28D6CB4E00B558F8 /* Frameworks */ = {
			isa = PBXFrameworksBuildPhase;
			buildActionMask = 2147483647;
			files = (
			);
			runOnlyForDeploymentPostprocessing = 0;
		};
/* End PBXFrameworksBuildPhase section */

/* Begin PBXGroup section */
		B9020FE028DA2D8300BB60C5 /* Shared */ = {
			isa = PBXGroup;
			children = (
				B9020FE128DA2D8300BB60C5 /* Alert */,
				B9020FE328DA2D8300BB60C5 /* Network */,
				B9020FEC28DA2D8300BB60C5 /* Constant */,
				B9020FEE28DA2D8300BB60C5 /* Extentions */,
				B9020FF328DA2D8300BB60C5 /* DatabaseManager */,
			);
			name = Shared;
			path = FlickrSearch/Shared;
			sourceTree = SOURCE_ROOT;
		};
		B9020FE128DA2D8300BB60C5 /* Alert */ = {
			isa = PBXGroup;
			children = (
				B9020FE228DA2D8300BB60C5 /* AlertPresenter.swift */,
			);
			path = Alert;
			sourceTree = "<group>";
		};
		B9020FE328DA2D8300BB60C5 /* Network */ = {
			isa = PBXGroup;
			children = (
				B9020FE428DA2D8300BB60C5 /* APIService+URL.swift */,
				B9020FE528DA2D8300BB60C5 /* FlickrServiceUtil.swift */,
				B9020FE628DA2D8300BB60C5 /* BaseModel */,
				B9020FE928DA2D8300BB60C5 /* FlickrPlist.plist */,
				B9020FEA28DA2D8300BB60C5 /* APIFlickrService.swift */,
				B9020FEB28DA2D8300BB60C5 /* APIService+Helper.swift */,
			);
			path = Network;
			sourceTree = "<group>";
		};
		B9020FE628DA2D8300BB60C5 /* BaseModel */ = {
			isa = PBXGroup;
			children = (
				B9020FE728DA2D8300BB60C5 /* BaseModel+Helper.swift */,
				B9020FE828DA2D8300BB60C5 /* BaseModel.swift */,
			);
			path = BaseModel;
			sourceTree = "<group>";
		};
		B9020FEC28DA2D8300BB60C5 /* Constant */ = {
			isa = PBXGroup;
			children = (
				B9020FED28DA2D8300BB60C5 /* AppConstant.swift */,
			);
			path = Constant;
			sourceTree = "<group>";
		};
		B9020FEE28DA2D8300BB60C5 /* Extentions */ = {
			isa = PBXGroup;
			children = (
				B9020FEF28DA2D8300BB60C5 /* UIImageView+ImageLoader.swift */,
				B9020FF028DA2D8300BB60C5 /* UIView+Extention.swift */,
				B9020FF128DA2D8300BB60C5 /* UIColor+Extensions.swift */,
				B9020FF228DA2D8300BB60C5 /* UICollectionView+Extension.swift */,
			);
			path = Extentions;
			sourceTree = "<group>";
		};
		B9020FF328DA2D8300BB60C5 /* DatabaseManager */ = {
			isa = PBXGroup;
			children = (
				B9020FF428DA2D8300BB60C5 /* DatabaseManager.swift */,
			);
			path = DatabaseManager;
			sourceTree = "<group>";
		};
		B9020FF628DA2D8300BB60C5 /* Base.lproj */ = {
			isa = PBXGroup;
			children = (
				B9020FF728DA2D8300BB60C5 /* LaunchScreen.storyboard */,
			);
			name = Base.lproj;
			path = FlickrSearch/Base.lproj;
			sourceTree = SOURCE_ROOT;
		};
		B9020FFA28DA2D8300BB60C5 /* Application */ = {
			isa = PBXGroup;
			children = (
				B9020FFB28DA2D8300BB60C5 /* AppAppearance.swift */,
				B9020FFC28DA2D8300BB60C5 /* AppDelegate.swift */,
				B9020FFD28DA2D8300BB60C5 /* SceneDelegate.swift */,
			);
			name = Application;
			path = FlickrSearch/Application;
			sourceTree = SOURCE_ROOT;
		};
		B9020FFE28DA2D8300BB60C5 /* Cells */ = {
			isa = PBXGroup;
			children = (
				B9020FFF28DA2D8300BB60C5 /* FooterView */,
				B902100228DA2D8300BB60C5 /* FlickrImage */,
			);
			name = Cells;
			path = FlickrSearch/Cells;
			sourceTree = SOURCE_ROOT;
		};
		B9020FFF28DA2D8300BB60C5 /* FooterView */ = {
			isa = PBXGroup;
			children = (
				B902100028DA2D8300BB60C5 /* FooterCollectionViewCell.xib */,
				B902100128DA2D8300BB60C5 /* FooterCollectionViewCell.swift */,
			);
			path = FooterView;
			sourceTree = "<group>";
		};
		B902100228DA2D8300BB60C5 /* FlickrImage */ = {
			isa = PBXGroup;
			children = (
				B902100328DA2D8300BB60C5 /* FlickrImageCollectionViewCell.xib */,
				B902100428DA2D8300BB60C5 /* FlickrImageCollectionViewCell.swift */,
			);
			path = FlickrImage;
			sourceTree = "<group>";
		};
		B902100528DA2D8300BB60C5 /* Modules */ = {
			isa = PBXGroup;
			children = (
				B902100628DA2D8300BB60C5 /* FlickrSearch */,
			);
			name = Modules;
			path = FlickrSearch/Modules;
			sourceTree = SOURCE_ROOT;
		};
		B902100628DA2D8300BB60C5 /* FlickrSearch */ = {
			isa = PBXGroup;
			children = (
				B902100728DA2D8300BB60C5 /* Entity */,
				B902100A28DA2D8300BB60C5 /* Presenter */,
				B902100C28DA2D8300BB60C5 /* View */,
				B902101328DA2D8300BB60C5 /* Builder */,
				B902101528DA2D8300BB60C5 /* Protocols */,
				B902101728DA2D8300BB60C5 /* Interactor */,
				B902101928DA2D8300BB60C5 /* Router */,
			);
			path = FlickrSearch;
			sourceTree = "<group>";
		};
		B902100728DA2D8300BB60C5 /* Entity */ = {
			isa = PBXGroup;
			children = (
				B902100828DA2D8300BB60C5 /* SearchKeyword.swift */,
				B902100928DA2D8300BB60C5 /* FlickrPhotosModel.swift */,
			);
			path = Entity;
			sourceTree = "<group>";
		};
		B902100A28DA2D8300BB60C5 /* Presenter */ = {
			isa = PBXGroup;
			children = (
				B902100B28DA2D8300BB60C5 /* FlickrSearchPresenter.swift */,
			);
			path = Presenter;
			sourceTree = "<group>";
		};
		B902100C28DA2D8300BB60C5 /* View */ = {
			isa = PBXGroup;
			children = (
				B902100D28DA2D8300BB60C5 /* FlickrSearchController */,
				B902101028DA2D8300BB60C5 /* SearchController */,
			);
			path = View;
			sourceTree = "<group>";
		};
		B902100D28DA2D8300BB60C5 /* FlickrSearchController */ = {
			isa = PBXGroup;
			children = (
				B902100E28DA2D8300BB60C5 /* FlickrSearchViewController.swift */,
				B902100F28DA2D8300BB60C5 /* FlickrSearchViewController.xib */,
			);
			path = FlickrSearchController;
			sourceTree = "<group>";
		};
		B902101028DA2D8300BB60C5 /* SearchController */ = {
			isa = PBXGroup;
			children = (
				B902101128DA2D8300BB60C5 /* SearchViewController.swift */,
				B902101228DA2D8300BB60C5 /* SearchViewController.xib */,
			);
			path = SearchController;
			sourceTree = "<group>";
		};
		B902101328DA2D8300BB60C5 /* Builder */ = {
			isa = PBXGroup;
			children = (
				B902101428DA2D8300BB60C5 /* FlickrSearchModuleBuilder.swift */,
			);
			path = Builder;
			sourceTree = "<group>";
		};
		B902101528DA2D8300BB60C5 /* Protocols */ = {
			isa = PBXGroup;
			children = (
				B902101628DA2D8300BB60C5 /* FlickrSearchProtocols.swift */,
			);
			path = Protocols;
			sourceTree = "<group>";
		};
		B902101728DA2D8300BB60C5 /* Interactor */ = {
			isa = PBXGroup;
			children = (
				B902101828DA2D8300BB60C5 /* FlickrSearchIneractor.swift */,
			);
			path = Interactor;
			sourceTree = "<group>";
		};
		B902101928DA2D8300BB60C5 /* Router */ = {
			isa = PBXGroup;
			children = (
				B902101A28DA2D8300BB60C5 /* FlickrSearchRouter.swift */,
			);
			path = Router;
			sourceTree = "<group>";
		};
		B902103E28DA2DB400BB60C5 /* FlickrSearch */ = {
			isa = PBXGroup;
			children = (
				B9020FFA28DA2D8300BB60C5 /* Application */,
				B9020FF928DA2D8300BB60C5 /* Assets.xcassets */,
				B9020FF628DA2D8300BB60C5 /* Base.lproj */,
				B9020FFE28DA2D8300BB60C5 /* Cells */,
				B902100528DA2D8300BB60C5 /* Modules */,
				B9020FE028DA2D8300BB60C5 /* Shared */,
			);
			path = FlickrSearch;
			sourceTree = "<group>";
		};
		B955894428D8B106006E4EB0 /* Modules */ = {
			isa = PBXGroup;
			children = (
				B955894528D8B111006E4EB0 /* FlickrPhotosTests.swift */,
				B955895428D97D4D006E4EB0 /* FlickrSearchViewControllerTests.swift */,
				B955894728D8BFE7006E4EB0 /* FlickrSearchInteractorTests.swift */,
				B955894928D8C00B006E4EB0 /* FlickrSearchPresenterTests.swift */,
				B955894D28D8C051006E4EB0 /* FlickrSearchBuilderTests.swift */,
			);
			path = Modules;
			sourceTree = "<group>";
		};
		B955894F28D8C0A5006E4EB0 /* Networking */ = {
			isa = PBXGroup;
			children = (
				B955895028D8C0B5006E4EB0 /* NetworkingTests.swift */,
				B955895228D8C0CC006E4EB0 /* NetworkClientMock.swift */,
			);
			path = Networking;
			sourceTree = "<group>";
		};
		B95789A428D6CB4C00B558F8 = {
			isa = PBXGroup;
			children = (
				B902103E28DA2DB400BB60C5 /* FlickrSearch */,
				B902107828DA3F1900BB60C5 /* Info.plist */,
				B95789C628D6CB4E00B558F8 /* FlickrSearchTests */,
				B95789D028D6CB4E00B558F8 /* FlickrSearchUITests */,
				B95789AE28D6CB4C00B558F8 /* Products */,
			);
			sourceTree = "<group>";
		};
		B95789AE28D6CB4C00B558F8 /* Products */ = {
			isa = PBXGroup;
			children = (
				B95789AD28D6CB4C00B558F8 /* FlickrSearch.app */,
				B95789C328D6CB4E00B558F8 /* FlickrSearchTests.xctest */,
				B95789CD28D6CB4E00B558F8 /* FlickrSearchUITests.xctest */,
			);
			name = Products;
			sourceTree = "<group>";
		};
		B95789C628D6CB4E00B558F8 /* FlickrSearchTests */ = {
			isa = PBXGroup;
			children = (
				B955894F28D8C0A5006E4EB0 /* Networking */,
				B955894428D8B106006E4EB0 /* Modules */,
				B955893E28D8AF2B006E4EB0 /* TestUtil.swift */,
				B955894228D8B0E4006E4EB0 /* TestData.json */,
			);
			path = FlickrSearchTests;
			sourceTree = "<group>";
		};
		B95789D028D6CB4E00B558F8 /* FlickrSearchUITests */ = {
			isa = PBXGroup;
			children = (
				B95789D128D6CB4E00B558F8 /* FlickrSearchUITests.swift */,
				B95789D328D6CB4E00B558F8 /* FlickrSearchUITestsLaunchTests.swift */,
			);
			path = FlickrSearchUITests;
			sourceTree = "<group>";
		};
/* End PBXGroup section */

/* Begin PBXNativeTarget section */
		B95789AC28D6CB4C00B558F8 /* FlickrSearch */ = {
			isa = PBXNativeTarget;
			buildConfigurationList = B95789D728D6CB4E00B558F8 /* Build configuration list for PBXNativeTarget "FlickrSearch" */;
			buildPhases = (
				B95789A928D6CB4C00B558F8 /* Sources */,
				B95789AA28D6CB4C00B558F8 /* Frameworks */,
				B95789AB28D6CB4C00B558F8 /* Resources */,
			);
			buildRules = (
			);
			dependencies = (
			);
			name = FlickrSearch;
			packageProductDependencies = (
				B902107028DA339D00BB60C5 /* Alamofire */,
				B902107328DA33AF00BB60C5 /* SDWebImage */,
				B902107628DA33BA00BB60C5 /* RealmSwift */,
			);
			productName = FlickrSearch;
			productReference = B95789AD28D6CB4C00B558F8 /* FlickrSearch.app */;
			productType = "com.apple.product-type.application";
		};
		B95789C228D6CB4E00B558F8 /* FlickrSearchTests */ = {
			isa = PBXNativeTarget;
			buildConfigurationList = B95789DA28D6CB4E00B558F8 /* Build configuration list for PBXNativeTarget "FlickrSearchTests" */;
			buildPhases = (
				B95789BF28D6CB4E00B558F8 /* Sources */,
				B95789C028D6CB4E00B558F8 /* Frameworks */,
				B95789C128D6CB4E00B558F8 /* Resources */,
			);
			buildRules = (
			);
			dependencies = (
				B95789C528D6CB4E00B558F8 /* PBXTargetDependency */,
			);
			name = FlickrSearchTests;
			productName = FlickrSearchTests;
			productReference = B95789C328D6CB4E00B558F8 /* FlickrSearchTests.xctest */;
			productType = "com.apple.product-type.bundle.unit-test";
		};
		B95789CC28D6CB4E00B558F8 /* FlickrSearchUITests */ = {
			isa = PBXNativeTarget;
			buildConfigurationList = B95789DD28D6CB4E00B558F8 /* Build configuration list for PBXNativeTarget "FlickrSearchUITests" */;
			buildPhases = (
				B95789C928D6CB4E00B558F8 /* Sources */,
				B95789CA28D6CB4E00B558F8 /* Frameworks */,
				B95789CB28D6CB4E00B558F8 /* Resources */,
			);
			buildRules = (
			);
			dependencies = (
				B95789CF28D6CB4E00B558F8 /* PBXTargetDependency */,
			);
			name = FlickrSearchUITests;
			productName = FlickrSearchUITests;
			productReference = B95789CD28D6CB4E00B558F8 /* FlickrSearchUITests.xctest */;
			productType = "com.apple.product-type.bundle.ui-testing";
		};
/* End PBXNativeTarget section */

/* Begin PBXProject section */
		B95789A528D6CB4C00B558F8 /* Project object */ = {
			isa = PBXProject;
			attributes = {
				BuildIndependentTargetsInParallel = 1;
				LastSwiftUpdateCheck = 1320;
				LastUpgradeCheck = 1320;
				TargetAttributes = {
					B95789AC28D6CB4C00B558F8 = {
						CreatedOnToolsVersion = 13.2.1;
					};
					B95789C228D6CB4E00B558F8 = {
						CreatedOnToolsVersion = 13.2.1;
						LastSwiftMigration = 1320;
						TestTargetID = B95789AC28D6CB4C00B558F8;
					};
					B95789CC28D6CB4E00B558F8 = {
						CreatedOnToolsVersion = 13.2.1;
						TestTargetID = B95789AC28D6CB4C00B558F8;
					};
				};
			};
			buildConfigurationList = B95789A828D6CB4C00B558F8 /* Build configuration list for PBXProject "FlickrSearch" */;
			compatibilityVersion = "Xcode 13.0";
			developmentRegion = en;
			hasScannedForEncodings = 0;
			knownRegions = (
				en,
				Base,
			);
			mainGroup = B95789A428D6CB4C00B558F8;
			packageReferences = (
				B902106F28DA339D00BB60C5 /* XCRemoteSwiftPackageReference "Alamofire" */,
				B902107228DA33AF00BB60C5 /* XCRemoteSwiftPackageReference "SDWebImage" */,
				B902107528DA33BA00BB60C5 /* XCRemoteSwiftPackageReference "realm-swift" */,
			);
			productRefGroup = B95789AE28D6CB4C00B558F8 /* Products */;
			projectDirPath = "";
			projectRoot = "";
			targets = (
				B95789AC28D6CB4C00B558F8 /* FlickrSearch */,
				B95789C228D6CB4E00B558F8 /* FlickrSearchTests */,
				B95789CC28D6CB4E00B558F8 /* FlickrSearchUITests */,
			);
		};
/* End PBXProject section */

/* Begin PBXResourcesBuildPhase section */
		B95789AB28D6CB4C00B558F8 /* Resources */ = {
			isa = PBXResourcesBuildPhase;
			buildActionMask = 2147483647;
			files = (
				B902107928DA3F1900BB60C5 /* Info.plist in Resources */,
				B902104728DA2EAF00BB60C5 /* FooterCollectionViewCell.xib in Resources */,
				B902106A28DA308200BB60C5 /* FlickrSearchViewController.xib in Resources */,
				B902106B28DA308900BB60C5 /* SearchViewController.xib in Resources */,
				B902104828DA2EB400BB60C5 /* FlickrImageCollectionViewCell.xib in Resources */,
				B902106E28DA31E400BB60C5 /* FlickrPlist.plist in Resources */,
				B902104428DA2E9D00BB60C5 /* Assets.xcassets in Resources */,
				B902104528DA2EA600BB60C5 /* LaunchScreen.storyboard in Resources */,
			);
			runOnlyForDeploymentPostprocessing = 0;
		};
		B95789C128D6CB4E00B558F8 /* Resources */ = {
			isa = PBXResourcesBuildPhase;
			buildActionMask = 2147483647;
			files = (
				B955894328D8B0E4006E4EB0 /* TestData.json in Resources */,
			);
			runOnlyForDeploymentPostprocessing = 0;
		};
		B95789CB28D6CB4E00B558F8 /* Resources */ = {
			isa = PBXResourcesBuildPhase;
			buildActionMask = 2147483647;
			files = (
			);
			runOnlyForDeploymentPostprocessing = 0;
		};
/* End PBXResourcesBuildPhase section */

/* Begin PBXSourcesBuildPhase section */
		B95789A928D6CB4C00B558F8 /* Sources */ = {
			isa = PBXSourcesBuildPhase;
			buildActionMask = 2147483647;
			files = (
				B902105C28DA2EF000BB60C5 /* FlickrSearchProtocols.swift in Sources */,
				B902104B28DA2EE400BB60C5 /* UICollectionView+Extension.swift in Sources */,
				B902105428DA2EE400BB60C5 /* UIColor+Extensions.swift in Sources */,
				B902105828DA2EF000BB60C5 /* FlickrSearchViewController.swift in Sources */,
				B902105928DA2EF000BB60C5 /* FlickrPhotosModel.swift in Sources */,
				B902104928DA2EB400BB60C5 /* FlickrImageCollectionViewCell.swift in Sources */,
				B902105328DA2EE400BB60C5 /* FlickrServiceUtil.swift in Sources */,
				B902105628DA2EE400BB60C5 /* DatabaseManager.swift in Sources */,
				B902105728DA2EE400BB60C5 /* UIImageView+ImageLoader.swift in Sources */,
				B902104328DA2E9600BB60C5 /* AppAppearance.swift in Sources */,
				B902105128DA2EE400BB60C5 /* AppConstant.swift in Sources */,
				B902104E28DA2EE400BB60C5 /* APIService+URL.swift in Sources */,
				B902105B28DA2EF000BB60C5 /* SearchKeyword.swift in Sources */,
				B902104F28DA2EE400BB60C5 /* BaseModel.swift in Sources */,
				B902105528DA2EE400BB60C5 /* BaseModel+Helper.swift in Sources */,
				B902103F28DA2E8700BB60C5 /* AppDelegate.swift in Sources */,
				B902105228DA2EE400BB60C5 /* UIView+Extention.swift in Sources */,
				B902105A28DA2EF000BB60C5 /* SearchViewController.swift in Sources */,
				B902104228DA2E9600BB60C5 /* SceneDelegate.swift in Sources */,
				B902104628DA2EAF00BB60C5 /* FooterCollectionViewCell.swift in Sources */,
				B902104C28DA2EE400BB60C5 /* APIFlickrService.swift in Sources */,
				B902106028DA2EF000BB60C5 /* FlickrSearchIneractor.swift in Sources */,
				B902104D28DA2EE400BB60C5 /* AlertPresenter.swift in Sources */,
				B902105E28DA2EF000BB60C5 /* FlickrSearchModuleBuilder.swift in Sources */,
				B902105028DA2EE400BB60C5 /* APIService+Helper.swift in Sources */,
				B902105D28DA2EF000BB60C5 /* FlickrSearchPresenter.swift in Sources */,
				B902105F28DA2EF000BB60C5 /* FlickrSearchRouter.swift in Sources */,
			);
			runOnlyForDeploymentPostprocessing = 0;
		};
		B95789BF28D6CB4E00B558F8 /* Sources */ = {
			isa = PBXSourcesBuildPhase;
			buildActionMask = 2147483647;
			files = (
				B955894828D8BFE7006E4EB0 /* FlickrSearchInteractorTests.swift in Sources */,
				B955894E28D8C051006E4EB0 /* FlickrSearchBuilderTests.swift in Sources */,
				B955893F28D8AF2B006E4EB0 /* TestUtil.swift in Sources */,
				B955895528D97D4D006E4EB0 /* FlickrSearchViewControllerTests.swift in Sources */,
				B955894A28D8C00B006E4EB0 /* FlickrSearchPresenterTests.swift in Sources */,
				B955895328D8C0CC006E4EB0 /* NetworkClientMock.swift in Sources */,
				B955894628D8B111006E4EB0 /* FlickrPhotosTests.swift in Sources */,
				B955895128D8C0B5006E4EB0 /* NetworkingTests.swift in Sources */,
			);
			runOnlyForDeploymentPostprocessing = 0;
		};
		B95789C928D6CB4E00B558F8 /* Sources */ = {
			isa = PBXSourcesBuildPhase;
			buildActionMask = 2147483647;
			files = (
				B95789D228D6CB4E00B558F8 /* FlickrSearchUITests.swift in Sources */,
				B95789D428D6CB4E00B558F8 /* FlickrSearchUITestsLaunchTests.swift in Sources */,
			);
			runOnlyForDeploymentPostprocessing = 0;
		};
/* End PBXSourcesBuildPhase section */

/* Begin PBXTargetDependency section */
		B95789C528D6CB4E00B558F8 /* PBXTargetDependency */ = {
			isa = PBXTargetDependency;
			target = B95789AC28D6CB4C00B558F8 /* FlickrSearch */;
			targetProxy = B95789C428D6CB4E00B558F8 /* PBXContainerItemProxy */;
		};
		B95789CF28D6CB4E00B558F8 /* PBXTargetDependency */ = {
			isa = PBXTargetDependency;
			target = B95789AC28D6CB4C00B558F8 /* FlickrSearch */;
			targetProxy = B95789CE28D6CB4E00B558F8 /* PBXContainerItemProxy */;
		};
/* End PBXTargetDependency section */

/* Begin PBXVariantGroup section */
		B9020FF728DA2D8300BB60C5 /* LaunchScreen.storyboard */ = {
			isa = PBXVariantGroup;
			children = (
				B9020FF828DA2D8300BB60C5 /* Base */,
			);
			name = LaunchScreen.storyboard;
			sourceTree = "<group>";
		};
/* End PBXVariantGroup section */

/* Begin XCBuildConfiguration section */
		B95789D528D6CB4E00B558F8 /* Debug */ = {
			isa = XCBuildConfiguration;
			buildSettings = {
				ALWAYS_SEARCH_USER_PATHS = NO;
				CLANG_ANALYZER_NONNULL = YES;
				CLANG_ANALYZER_NUMBER_OBJECT_CONVERSION = YES_AGGRESSIVE;
				CLANG_CXX_LANGUAGE_STANDARD = "gnu++17";
				CLANG_CXX_LIBRARY = "libc++";
				CLANG_ENABLE_MODULES = YES;
				CLANG_ENABLE_OBJC_ARC = YES;
				CLANG_ENABLE_OBJC_WEAK = YES;
				CLANG_WARN_BLOCK_CAPTURE_AUTORELEASING = YES;
				CLANG_WARN_BOOL_CONVERSION = YES;
				CLANG_WARN_COMMA = YES;
				CLANG_WARN_CONSTANT_CONVERSION = YES;
				CLANG_WARN_DEPRECATED_OBJC_IMPLEMENTATIONS = YES;
				CLANG_WARN_DIRECT_OBJC_ISA_USAGE = YES_ERROR;
				CLANG_WARN_DOCUMENTATION_COMMENTS = YES;
				CLANG_WARN_EMPTY_BODY = YES;
				CLANG_WARN_ENUM_CONVERSION = YES;
				CLANG_WARN_INFINITE_RECURSION = YES;
				CLANG_WARN_INT_CONVERSION = YES;
				CLANG_WARN_NON_LITERAL_NULL_CONVERSION = YES;
				CLANG_WARN_OBJC_IMPLICIT_RETAIN_SELF = YES;
				CLANG_WARN_OBJC_LITERAL_CONVERSION = YES;
				CLANG_WARN_OBJC_ROOT_CLASS = YES_ERROR;
				CLANG_WARN_QUOTED_INCLUDE_IN_FRAMEWORK_HEADER = YES;
				CLANG_WARN_RANGE_LOOP_ANALYSIS = YES;
				CLANG_WARN_STRICT_PROTOTYPES = YES;
				CLANG_WARN_SUSPICIOUS_MOVE = YES;
				CLANG_WARN_UNGUARDED_AVAILABILITY = YES_AGGRESSIVE;
				CLANG_WARN_UNREACHABLE_CODE = YES;
				CLANG_WARN__DUPLICATE_METHOD_MATCH = YES;
				COPY_PHASE_STRIP = NO;
				DEBUG_INFORMATION_FORMAT = dwarf;
				ENABLE_STRICT_OBJC_MSGSEND = YES;
				ENABLE_TESTABILITY = YES;
				GCC_C_LANGUAGE_STANDARD = gnu11;
				GCC_DYNAMIC_NO_PIC = NO;
				GCC_NO_COMMON_BLOCKS = YES;
				GCC_OPTIMIZATION_LEVEL = 0;
				GCC_PREPROCESSOR_DEFINITIONS = (
					"DEBUG=1",
					"$(inherited)",
				);
				GCC_WARN_64_TO_32_BIT_CONVERSION = YES;
				GCC_WARN_ABOUT_RETURN_TYPE = YES_ERROR;
				GCC_WARN_UNDECLARED_SELECTOR = YES;
				GCC_WARN_UNINITIALIZED_AUTOS = YES_AGGRESSIVE;
				GCC_WARN_UNUSED_FUNCTION = YES;
				GCC_WARN_UNUSED_VARIABLE = YES;
				IPHONEOS_DEPLOYMENT_TARGET = 15.2;
				MTL_ENABLE_DEBUG_INFO = INCLUDE_SOURCE;
				MTL_FAST_MATH = YES;
				ONLY_ACTIVE_ARCH = YES;
				SDKROOT = iphoneos;
				SWIFT_ACTIVE_COMPILATION_CONDITIONS = DEBUG;
				SWIFT_OPTIMIZATION_LEVEL = "-Onone";
			};
			name = Debug;
		};
		B95789D628D6CB4E00B558F8 /* Release */ = {
			isa = XCBuildConfiguration;
			buildSettings = {
				ALWAYS_SEARCH_USER_PATHS = NO;
				CLANG_ANALYZER_NONNULL = YES;
				CLANG_ANALYZER_NUMBER_OBJECT_CONVERSION = YES_AGGRESSIVE;
				CLANG_CXX_LANGUAGE_STANDARD = "gnu++17";
				CLANG_CXX_LIBRARY = "libc++";
				CLANG_ENABLE_MODULES = YES;
				CLANG_ENABLE_OBJC_ARC = YES;
				CLANG_ENABLE_OBJC_WEAK = YES;
				CLANG_WARN_BLOCK_CAPTURE_AUTORELEASING = YES;
				CLANG_WARN_BOOL_CONVERSION = YES;
				CLANG_WARN_COMMA = YES;
				CLANG_WARN_CONSTANT_CONVERSION = YES;
				CLANG_WARN_DEPRECATED_OBJC_IMPLEMENTATIONS = YES;
				CLANG_WARN_DIRECT_OBJC_ISA_USAGE = YES_ERROR;
				CLANG_WARN_DOCUMENTATION_COMMENTS = YES;
				CLANG_WARN_EMPTY_BODY = YES;
				CLANG_WARN_ENUM_CONVERSION = YES;
				CLANG_WARN_INFINITE_RECURSION = YES;
				CLANG_WARN_INT_CONVERSION = YES;
				CLANG_WARN_NON_LITERAL_NULL_CONVERSION = YES;
				CLANG_WARN_OBJC_IMPLICIT_RETAIN_SELF = YES;
				CLANG_WARN_OBJC_LITERAL_CONVERSION = YES;
				CLANG_WARN_OBJC_ROOT_CLASS = YES_ERROR;
				CLANG_WARN_QUOTED_INCLUDE_IN_FRAMEWORK_HEADER = YES;
				CLANG_WARN_RANGE_LOOP_ANALYSIS = YES;
				CLANG_WARN_STRICT_PROTOTYPES = YES;
				CLANG_WARN_SUSPICIOUS_MOVE = YES;
				CLANG_WARN_UNGUARDED_AVAILABILITY = YES_AGGRESSIVE;
				CLANG_WARN_UNREACHABLE_CODE = YES;
				CLANG_WARN__DUPLICATE_METHOD_MATCH = YES;
				COPY_PHASE_STRIP = NO;
				DEBUG_INFORMATION_FORMAT = "dwarf-with-dsym";
				ENABLE_NS_ASSERTIONS = NO;
				ENABLE_STRICT_OBJC_MSGSEND = YES;
				GCC_C_LANGUAGE_STANDARD = gnu11;
				GCC_NO_COMMON_BLOCKS = YES;
				GCC_WARN_64_TO_32_BIT_CONVERSION = YES;
				GCC_WARN_ABOUT_RETURN_TYPE = YES_ERROR;
				GCC_WARN_UNDECLARED_SELECTOR = YES;
				GCC_WARN_UNINITIALIZED_AUTOS = YES_AGGRESSIVE;
				GCC_WARN_UNUSED_FUNCTION = YES;
				GCC_WARN_UNUSED_VARIABLE = YES;
				IPHONEOS_DEPLOYMENT_TARGET = 15.2;
				MTL_ENABLE_DEBUG_INFO = NO;
				MTL_FAST_MATH = YES;
				SDKROOT = iphoneos;
				SWIFT_COMPILATION_MODE = wholemodule;
				SWIFT_OPTIMIZATION_LEVEL = "-O";
				VALIDATE_PRODUCT = YES;
			};
			name = Release;
		};
		B95789D828D6CB4E00B558F8 /* Debug */ = {
			isa = XCBuildConfiguration;
			buildSettings = {
				ASSETCATALOG_COMPILER_APPICON_NAME = AppIcon;
				ASSETCATALOG_COMPILER_GLOBAL_ACCENT_COLOR_NAME = AccentColor;
				CODE_SIGN_STYLE = Automatic;
				CURRENT_PROJECT_VERSION = 1;
				GENERATE_INFOPLIST_FILE = YES;
				INFOPLIST_FILE = FlickrSearch/Info.plist;
				INFOPLIST_KEY_UIApplicationSupportsIndirectInputEvents = YES;
				INFOPLIST_KEY_UILaunchStoryboardName = LaunchScreen;
				INFOPLIST_KEY_UISupportedInterfaceOrientations = UIInterfaceOrientationPortrait;
				INFOPLIST_KEY_UISupportedInterfaceOrientations_iPad = "UIInterfaceOrientationPortrait UIInterfaceOrientationPortraitUpsideDown UIInterfaceOrientationLandscapeLeft UIInterfaceOrientationLandscapeRight";
				INFOPLIST_KEY_UISupportedInterfaceOrientations_iPhone = "UIInterfaceOrientationPortrait UIInterfaceOrientationLandscapeLeft UIInterfaceOrientationLandscapeRight";
				IPHONEOS_DEPLOYMENT_TARGET = 13.0;
				LD_RUNPATH_SEARCH_PATHS = (
					"$(inherited)",
					"@executable_path/Frameworks",
				);
				MARKETING_VERSION = 1.0;
				PRODUCT_BUNDLE_IDENTIFIER = UITestSampleIdentifier.FlickrSearch;
				PRODUCT_NAME = "$(TARGET_NAME)";
				SWIFT_EMIT_LOC_STRINGS = YES;
				SWIFT_VERSION = 5.0;
				TARGETED_DEVICE_FAMILY = 1;
			};
			name = Debug;
		};
		B95789D928D6CB4E00B558F8 /* Release */ = {
			isa = XCBuildConfiguration;
			buildSettings = {
				ASSETCATALOG_COMPILER_APPICON_NAME = AppIcon;
				ASSETCATALOG_COMPILER_GLOBAL_ACCENT_COLOR_NAME = AccentColor;
				CODE_SIGN_STYLE = Automatic;
				CURRENT_PROJECT_VERSION = 1;
				GENERATE_INFOPLIST_FILE = YES;
				INFOPLIST_FILE = FlickrSearch/Info.plist;
				INFOPLIST_KEY_UIApplicationSupportsIndirectInputEvents = YES;
				INFOPLIST_KEY_UILaunchStoryboardName = LaunchScreen;
				INFOPLIST_KEY_UISupportedInterfaceOrientations = UIInterfaceOrientationPortrait;
				INFOPLIST_KEY_UISupportedInterfaceOrientations_iPad = "UIInterfaceOrientationPortrait UIInterfaceOrientationPortraitUpsideDown UIInterfaceOrientationLandscapeLeft UIInterfaceOrientationLandscapeRight";
				INFOPLIST_KEY_UISupportedInterfaceOrientations_iPhone = "UIInterfaceOrientationPortrait UIInterfaceOrientationLandscapeLeft UIInterfaceOrientationLandscapeRight";
				IPHONEOS_DEPLOYMENT_TARGET = 13.0;
				LD_RUNPATH_SEARCH_PATHS = (
					"$(inherited)",
					"@executable_path/Frameworks",
				);
				MARKETING_VERSION = 1.0;
				PRODUCT_BUNDLE_IDENTIFIER = UITestSampleIdentifier.FlickrSearch;
				PRODUCT_NAME = "$(TARGET_NAME)";
				SWIFT_EMIT_LOC_STRINGS = YES;
				SWIFT_VERSION = 5.0;
				TARGETED_DEVICE_FAMILY = 1;
			};
			name = Release;
		};
		B95789DB28D6CB4E00B558F8 /* Debug */ = {
			isa = XCBuildConfiguration;
			buildSettings = {
				ALWAYS_EMBED_SWIFT_STANDARD_LIBRARIES = YES;
				BUNDLE_LOADER = "$(TEST_HOST)";
				CLANG_ENABLE_MODULES = YES;
				CODE_SIGN_STYLE = Automatic;
				CURRENT_PROJECT_VERSION = 1;
				GENERATE_INFOPLIST_FILE = YES;
				IPHONEOS_DEPLOYMENT_TARGET = 15.2;
				LD_RUNPATH_SEARCH_PATHS = (
					"$(inherited)",
					"@executable_path/Frameworks",
					"@loader_path/Frameworks",
				);
				MARKETING_VERSION = 1.0;
				PRODUCT_BUNDLE_IDENTIFIER = UITestSampleIdentifier.FlickrSearchTests;
				PRODUCT_NAME = "$(TARGET_NAME)";
				SWIFT_EMIT_LOC_STRINGS = NO;
				SWIFT_OPTIMIZATION_LEVEL = "-Onone";
				SWIFT_VERSION = 5.0;
				TARGETED_DEVICE_FAMILY = "1,2";
				TEST_HOST = "$(BUILT_PRODUCTS_DIR)/FlickrSearch.app/FlickrSearch";
			};
			name = Debug;
		};
		B95789DC28D6CB4E00B558F8 /* Release */ = {
			isa = XCBuildConfiguration;
			buildSettings = {
				ALWAYS_EMBED_SWIFT_STANDARD_LIBRARIES = YES;
				BUNDLE_LOADER = "$(TEST_HOST)";
				CLANG_ENABLE_MODULES = YES;
				CODE_SIGN_STYLE = Automatic;
				CURRENT_PROJECT_VERSION = 1;
				GENERATE_INFOPLIST_FILE = YES;
				IPHONEOS_DEPLOYMENT_TARGET = 15.2;
				LD_RUNPATH_SEARCH_PATHS = (
					"$(inherited)",
					"@executable_path/Frameworks",
					"@loader_path/Frameworks",
				);
				MARKETING_VERSION = 1.0;
				PRODUCT_BUNDLE_IDENTIFIER = UITestSampleIdentifier.FlickrSearchTests;
				PRODUCT_NAME = "$(TARGET_NAME)";
				SWIFT_EMIT_LOC_STRINGS = NO;
				SWIFT_VERSION = 5.0;
				TARGETED_DEVICE_FAMILY = "1,2";
				TEST_HOST = "$(BUILT_PRODUCTS_DIR)/FlickrSearch.app/FlickrSearch";
			};
			name = Release;
		};
		B95789DE28D6CB4E00B558F8 /* Debug */ = {
			isa = XCBuildConfiguration;
			buildSettings = {
				ALWAYS_EMBED_SWIFT_STANDARD_LIBRARIES = YES;
				CODE_SIGN_STYLE = Automatic;
				CURRENT_PROJECT_VERSION = 1;
				GENERATE_INFOPLIST_FILE = YES;
				MARKETING_VERSION = 1.0;
				PRODUCT_BUNDLE_IDENTIFIER = UITestSampleIdentifier.FlickrSearchUITests;
				PRODUCT_NAME = "$(TARGET_NAME)";
				SWIFT_EMIT_LOC_STRINGS = NO;
				SWIFT_VERSION = 5.0;
				TARGETED_DEVICE_FAMILY = "1,2";
				TEST_TARGET_NAME = FlickrSearch;
			};
			name = Debug;
		};
		B95789DF28D6CB4E00B558F8 /* Release */ = {
			isa = XCBuildConfiguration;
			buildSettings = {
				ALWAYS_EMBED_SWIFT_STANDARD_LIBRARIES = YES;
				CODE_SIGN_STYLE = Automatic;
				CURRENT_PROJECT_VERSION = 1;
				GENERATE_INFOPLIST_FILE = YES;
				MARKETING_VERSION = 1.0;
				PRODUCT_BUNDLE_IDENTIFIER = UITestSampleIdentifier.FlickrSearchUITests;
				PRODUCT_NAME = "$(TARGET_NAME)";
				SWIFT_EMIT_LOC_STRINGS = NO;
				SWIFT_VERSION = 5.0;
				TARGETED_DEVICE_FAMILY = "1,2";
				TEST_TARGET_NAME = FlickrSearch;
			};
			name = Release;
		};
/* End XCBuildConfiguration section */

/* Begin XCConfigurationList section */
		B95789A828D6CB4C00B558F8 /* Build configuration list for PBXProject "FlickrSearch" */ = {
			isa = XCConfigurationList;
			buildConfigurations = (
				B95789D528D6CB4E00B558F8 /* Debug */,
				B95789D628D6CB4E00B558F8 /* Release */,
			);
			defaultConfigurationIsVisible = 0;
			defaultConfigurationName = Release;
		};
		B95789D728D6CB4E00B558F8 /* Build configuration list for PBXNativeTarget "FlickrSearch" */ = {
			isa = XCConfigurationList;
			buildConfigurations = (
				B95789D828D6CB4E00B558F8 /* Debug */,
				B95789D928D6CB4E00B558F8 /* Release */,
			);
			defaultConfigurationIsVisible = 0;
			defaultConfigurationName = Release;
		};
		B95789DA28D6CB4E00B558F8 /* Build configuration list for PBXNativeTarget "FlickrSearchTests" */ = {
			isa = XCConfigurationList;
			buildConfigurations = (
				B95789DB28D6CB4E00B558F8 /* Debug */,
				B95789DC28D6CB4E00B558F8 /* Release */,
			);
			defaultConfigurationIsVisible = 0;
			defaultConfigurationName = Release;
		};
		B95789DD28D6CB4E00B558F8 /* Build configuration list for PBXNativeTarget "FlickrSearchUITests" */ = {
			isa = XCConfigurationList;
			buildConfigurations = (
				B95789DE28D6CB4E00B558F8 /* Debug */,
				B95789DF28D6CB4E00B558F8 /* Release */,
			);
			defaultConfigurationIsVisible = 0;
			defaultConfigurationName = Release;
		};
/* End XCConfigurationList section */

/* Begin XCRemoteSwiftPackageReference section */
		B902106F28DA339D00BB60C5 /* XCRemoteSwiftPackageReference "Alamofire" */ = {
			isa = XCRemoteSwiftPackageReference;
			repositoryURL = "https://github.com/Alamofire/Alamofire.git";
			requirement = {
				kind = exactVersion;
				version = 4.9.1;
			};
		};
		B902107228DA33AF00BB60C5 /* XCRemoteSwiftPackageReference "SDWebImage" */ = {
			isa = XCRemoteSwiftPackageReference;
			repositoryURL = "https://github.com/SDWebImage/SDWebImage.git";
			requirement = {
				kind = upToNextMajorVersion;
				minimumVersion = 5.0.0;
			};
		};
		B902107528DA33BA00BB60C5 /* XCRemoteSwiftPackageReference "realm-swift" */ = {
			isa = XCRemoteSwiftPackageReference;
			repositoryURL = "https://github.com/realm/realm-swift.git";
			requirement = {
				branch = master;
				kind = branch;
			};
		};
/* End XCRemoteSwiftPackageReference section */

/* Begin XCSwiftPackageProductDependency section */
		B902107028DA339D00BB60C5 /* Alamofire */ = {
			isa = XCSwiftPackageProductDependency;
			package = B902106F28DA339D00BB60C5 /* XCRemoteSwiftPackageReference "Alamofire" */;
			productName = Alamofire;
		};
		B902107328DA33AF00BB60C5 /* SDWebImage */ = {
			isa = XCSwiftPackageProductDependency;
			package = B902107228DA33AF00BB60C5 /* XCRemoteSwiftPackageReference "SDWebImage" */;
			productName = SDWebImage;
		};
		B902107628DA33BA00BB60C5 /* RealmSwift */ = {
			isa = XCSwiftPackageProductDependency;
			package = B902107528DA33BA00BB60C5 /* XCRemoteSwiftPackageReference "realm-swift" */;
			productName = RealmSwift;
		};
/* End XCSwiftPackageProductDependency section */
	};
	rootObject = B95789A528D6CB4C00B558F8 /* Project object */;
}
